
Microsoft Visual Studio Solution File, Format Version 12.00
# Visual Studio Version 16
VisualStudioVersion = 16.0.32106.194
MinimumVisualStudioVersion = 10.0.40219.1
Project("{FAE04EC0-301F-11D3-BF4B-00C04F79EFBC}") = "SortedArray_Merge", "ConsoleApp20\SortedArray_Merge.csproj", "{40708BFB-CE91-4FC7-9B53-8EEDA8009D6A}"
EndProject
Global
	GlobalSection(SolutionConfigurationPlatforms) = preSolution
		Debug|Any CPU = Debug|Any CPU
		Release|Any CPU = Release|Any CPU
	EndGlobalSection
	GlobalSection(ProjectConfigurationPlatforms) = postSolution
		{40708BFB-CE91-4FC7-9B53-8EEDA8009D6A}.Debug|Any CPU.ActiveCfg = Debug|Any CPU
		{40708BFB-CE91-4FC7-9B53-8EEDA8009D6A}.Debug|Any CPU.Build.0 = Debug|Any CPU
		{40708BFB-CE91-4FC7-9B53-8EEDA8009D6A}.Release|Any CPU.ActiveCfg = Release|Any CPU
		{40708BFB-CE91-4FC7-9B53-8EEDA8009D6A}.Release|Any CPU.Build.0 = Release|Any CPU
	EndGlobalSection
	GlobalSection(SolutionProperties) = preSolution
		HideSolutionNode = FALSE
	EndGlobalSection
	GlobalSection(ExtensibilityGlobals) = postSolution
		SolutionGuid = {57E70E2E-148B-4F79-8C35-B8228C92F929}
	EndGlobalSection
EndGlobal
